
Microsoft Visual Studio Solution File, Format Version 12.00
# Visual Studio 15
Project("{FAE04EC0-301F-11D3-BF4B-00C04F79EFBC}") = "zadanie_domowe_1", "zadanie_domowe_1\zadanie_domowe_1.csproj", "{5A2AA097-E5B8-4E23-8271-2C019138B9EC}"
EndProject
Global
	GlobalSection(SolutionConfigurationPlatforms) = preSolution
		Debug|Any CPU = Debug|Any CPU
		Release|Any CPU = Release|Any CPU
	EndGlobalSection
	GlobalSection(ProjectConfigurationPlatforms) = postSolution
		{5A2AA097-E5B8-4E23-8271-2C019138B9EC}.Debug|Any CPU.ActiveCfg = Debug|Any CPU
		{5A2AA097-E5B8-4E23-8271-2C019138B9EC}.Debug|Any CPU.Build.0 = Debug|Any CPU
		{5A2AA097-E5B8-4E23-8271-2C019138B9EC}.Release|Any CPU.ActiveCfg = Release|Any CPU
		{5A2AA097-E5B8-4E23-8271-2C019138B9EC}.Release|Any CPU.Build.0 = Release|Any CPU
	EndGlobalSection
EndGlobal
